// !$*UTF8*$!
{
	archiveVersion = 1;
	classes = {
	};
	objectVersion = 51;
	objects = {

/* Begin PBXBuildFile section */
		C06493D126BB0D7A00C3959C /* Animation.swift in Sources */ = {isa = PBXBuildFile; fileRef = C06493D026BB0D7A00C3959C /* Animation.swift */; };
		C0F71AD126BAF49B0020484F /* AppDelegate.swift in Sources */ = {isa = PBXBuildFile; fileRef = C0F71AD026BAF49B0020484F /* AppDelegate.swift */; };
		C0F71AD326BAF49B0020484F /* SceneDelegate.swift in Sources */ = {isa = PBXBuildFile; fileRef = C0F71AD226BAF49B0020484F /* SceneDelegate.swift */; };
		C0F71AD526BAF49B0020484F /* AnimateViewController.swift in Sources */ = {isa = PBXBuildFile; fileRef = C0F71AD426BAF49B0020484F /* AnimateViewController.swift */; };
		C0F71AD826BAF49B0020484F /* Main.storyboard in Resources */ = {isa = PBXBuildFile; fileRef = C0F71AD626BAF49B0020484F /* Main.storyboard */; };
		C0F71ADA26BAF49C0020484F /* Assets.xcassets in Resources */ = {isa = PBXBuildFile; fileRef = C0F71AD926BAF49C0020484F /* Assets.xcassets */; };
		C0F71ADD26BAF49C0020484F /* LaunchScreen.storyboard in Resources */ = {isa = PBXBuildFile; fileRef = C0F71ADB26BAF49C0020484F /* LaunchScreen.storyboard */; };
		E5FA56D03CEA0C55DFCC7C4C /* Pods_AnimationApp.framework in Frameworks */ = {isa = PBXBuildFile; fileRef = 2C4507C375215764456868B5 /* Pods_AnimationApp.framework */; };
/* End PBXBuildFile section */

/* Begin PBXFileReference section */
		2C4507C375215764456868B5 /* Pods_AnimationApp.framework */ = {isa = PBXFileReference; explicitFileType = wrapper.framework; includeInIndex = 0; path = Pods_AnimationApp.framework; sourceTree = BUILT_PRODUCTS_DIR; };
		86BB46C961E4F2AB1308A789 /* Pods-AnimationApp.release.xcconfig */ = {isa = PBXFileReference; includeInIndex = 1; lastKnownFileType = text.xcconfig; name = "Pods-AnimationApp.release.xcconfig"; path = "Target Support Files/Pods-AnimationApp/Pods-AnimationApp.release.xcconfig"; sourceTree = "<group>"; };
		C06493D026BB0D7A00C3959C /* Animation.swift */ = {isa = PBXFileReference; lastKnownFileType = sourcecode.swift; path = Animation.swift; sourceTree = "<group>"; };
		C0F71ACD26BAF49B0020484F /* AnimationApp.app */ = {isa = PBXFileReference; explicitFileType = wrapper.application; includeInIndex = 0; path = AnimationApp.app; sourceTree = BUILT_PRODUCTS_DIR; };
		C0F71AD026BAF49B0020484F /* AppDelegate.swift */ = {isa = PBXFileReference; lastKnownFileType = sourcecode.swift; path = AppDelegate.swift; sourceTree = "<group>"; };
		C0F71AD226BAF49B0020484F /* SceneDelegate.swift */ = {isa = PBXFileReference; lastKnownFileType = sourcecode.swift; path = SceneDelegate.swift; sourceTree = "<group>"; };
		C0F71AD426BAF49B0020484F /* AnimateViewController.swift */ = {isa = PBXFileReference; lastKnownFileType = sourcecode.swift; path = AnimateViewController.swift; sourceTree = "<group>"; };
		C0F71AD726BAF49B0020484F /* Base */ = {isa = PBXFileReference; lastKnownFileType = file.storyboard; name = Base; path = Base.lproj/Main.storyboard; sourceTree = "<group>"; };
		C0F71AD926BAF49C0020484F /* Assets.xcassets */ = {isa = PBXFileReference; lastKnownFileType = folder.assetcatalog; path = Assets.xcassets; sourceTree = "<group>"; };
		C0F71ADC26BAF49C0020484F /* Base */ = {isa = PBXFileReference; lastKnownFileType = file.storyboard; name = Base; path = Base.lproj/LaunchScreen.storyboard; sourceTree = "<group>"; };
		C0F71ADE26BAF49C0020484F /* Info.plist */ = {isa = PBXFileReference; lastKnownFileType = text.plist.xml; path = Info.plist; sourceTree = "<group>"; };
		F9423E44D969E8DDB684A4D9 /* Pods-AnimationApp.debug.xcconfig */ = {isa = PBXFileReference; includeInIndex = 1; lastKnownFileType = text.xcconfig; name = "Pods-AnimationApp.debug.xcconfig"; path = "Target Support Files/Pods-AnimationApp/Pods-AnimationApp.debug.xcconfig"; sourceTree = "<group>"; };
/* End PBXFileReference section */

/* Begin PBXFrameworksBuildPhase section */
		C0F71ACA26BAF49B0020484F /* Frameworks */ = {
			isa = PBXFrameworksBuildPhase;
			buildActionMask = 2147483647;
			files = (
				E5FA56D03CEA0C55DFCC7C4C /* Pods_AnimationApp.framework in Frameworks */,
			);
			runOnlyForDeploymentPostprocessing = 0;
		};
/* End PBXFrameworksBuildPhase section */

/* Begin PBXGroup section */
		7F2C19608AB46BFD4622EA51 /* Pods */ = {
			isa = PBXGroup;
			children = (
				F9423E44D969E8DDB684A4D9 /* Pods-AnimationApp.debug.xcconfig */,
				86BB46C961E4F2AB1308A789 /* Pods-AnimationApp.release.xcconfig */,
			);
			path = Pods;
			sourceTree = "<group>";
		};
		BF41CB8383243A127A0BDEBC /* Frameworks */ = {
			isa = PBXGroup;
			children = (
				2C4507C375215764456868B5 /* Pods_AnimationApp.framework */,
			);
			name = Frameworks;
			sourceTree = "<group>";
		};
		C02BBD2726BB39A70003E935 /* ViewControllers */ = {
			isa = PBXGroup;
			children = (
				C0F71AD426BAF49B0020484F /* AnimateViewController.swift */,
			);
			path = ViewControllers;
			sourceTree = "<group>";
		};
		C02BBD2826BB39D50003E935 /* Model */ = {
			isa = PBXGroup;
			children = (
				C06493D026BB0D7A00C3959C /* Animation.swift */,
			);
			path = Model;
			sourceTree = "<group>";
		};
		C02BBD2926BB39EF0003E935 /* Storyboards */ = {
			isa = PBXGroup;
			children = (
				C0F71AD626BAF49B0020484F /* Main.storyboard */,
				C0F71ADB26BAF49C0020484F /* LaunchScreen.storyboard */,
			);
			path = Storyboards;
			sourceTree = "<group>";
		};
		C02BBD2A26BB3A1E0003E935 /* SupportingFiles */ = {
			isa = PBXGroup;
			children = (
				C0F71AD226BAF49B0020484F /* SceneDelegate.swift */,
				C0F71AD026BAF49B0020484F /* AppDelegate.swift */,
			);
			path = SupportingFiles;
			sourceTree = "<group>";
		};
		C02BBD2B26BB3A570003E935 /* Resources */ = {
			isa = PBXGroup;
			children = (
				C0F71AD926BAF49C0020484F /* Assets.xcassets */,
			);
			path = Resources;
			sourceTree = "<group>";
		};
		C0F71AC426BAF49B0020484F = {
			isa = PBXGroup;
			children = (
				C0F71ACF26BAF49B0020484F /* AnimationApp */,
				C0F71ACE26BAF49B0020484F /* Products */,
				7F2C19608AB46BFD4622EA51 /* Pods */,
				BF41CB8383243A127A0BDEBC /* Frameworks */,
			);
			sourceTree = "<group>";
		};
		C0F71ACE26BAF49B0020484F /* Products */ = {
			isa = PBXGroup;
			children = (
				C0F71ACD26BAF49B0020484F /* AnimationApp.app */,
			);
			name = Products;
			sourceTree = "<group>";
		};
		C0F71ACF26BAF49B0020484F /* AnimationApp */ = {
			isa = PBXGroup;
			children = (
				C02BBD2B26BB3A570003E935 /* Resources */,
				C02BBD2A26BB3A1E0003E935 /* SupportingFiles */,
				C02BBD2926BB39EF0003E935 /* Storyboards */,
				C02BBD2826BB39D50003E935 /* Model */,
				C02BBD2726BB39A70003E935 /* ViewControllers */,
				C0F71ADE26BAF49C0020484F /* Info.plist */,
			);
			path = AnimationApp;
			sourceTree = "<group>";
		};
/* End PBXGroup section */

/* Begin PBXNativeTarget section */
		C0F71ACC26BAF49B0020484F /* AnimationApp */ = {
			isa = PBXNativeTarget;
			buildConfigurationList = C0F71AE126BAF49C0020484F /* Build configuration list for PBXNativeTarget "AnimationApp" */;
			buildPhases = (
				CB935A3DB21BEC9F9CF97D67 /* [CP] Check Pods Manifest.lock */,
				C0F71AC926BAF49B0020484F /* Sources */,
				C0F71ACA26BAF49B0020484F /* Frameworks */,
				C0F71ACB26BAF49B0020484F /* Resources */,
				9CF95A5E0364A3C392FF8611 /* [CP] Embed Pods Frameworks */,
			);
			buildRules = (
			);
			dependencies = (
			);
			name = AnimationApp;
			productName = AnimationApp;
			productReference = C0F71ACD26BAF49B0020484F /* AnimationApp.app */;
			productType = "com.apple.product-type.application";
		};
/* End PBXNativeTarget section */

/* Begin PBXProject section */
		C0F71AC526BAF49B0020484F /* Project object */ = {
			isa = PBXProject;
			attributes = {
				LastSwiftUpdateCheck = 1250;
				LastUpgradeCheck = 1250;
				TargetAttributes = {
					C0F71ACC26BAF49B0020484F = {
						CreatedOnToolsVersion = 12.5.1;
					};
				};
			};
			buildConfigurationList = C0F71AC826BAF49B0020484F /* Build configuration list for PBXProject "AnimationApp" */;
			compatibilityVersion = "Xcode 9.3";
			developmentRegion = en;
			hasScannedForEncodings = 0;
			knownRegions = (
				en,
				Base,
			);
			mainGroup = C0F71AC426BAF49B0020484F;
			productRefGroup = C0F71ACE26BAF49B0020484F /* Products */;
			projectDirPath = "";
			projectRoot = "";
			targets = (
				C0F71ACC26BAF49B0020484F /* AnimationApp */,
			);
		};
/* End PBXProject section */

/* Begin PBXResourcesBuildPhase section */
		C0F71ACB26BAF49B0020484F /* Resources */ = {
			isa = PBXResourcesBuildPhase;
			buildActionMask = 2147483647;
			files = (
				C0F71ADD26BAF49C0020484F /* LaunchScreen.storyboard in Resources */,
				C0F71ADA26BAF49C0020484F /* Assets.xcassets in Resources */,
				C0F71AD826BAF49B0020484F /* Main.storyboard in Resources */,
			);
			runOnlyForDeploymentPostprocessing = 0;
		};
/* End PBXResourcesBuildPhase section */

/* Begin PBXShellScriptBuildPhase section */
		9CF95A5E0364A3C392FF8611 /* [CP] Embed Pods Frameworks */ = {
			isa = PBXShellScriptBuildPhase;
			buildActionMask = 2147483647;
			files = (
			);
			inputFileListPaths = (
				"${PODS_ROOT}/Target Support Files/Pods-AnimationApp/Pods-AnimationApp-frameworks-${CONFIGURATION}-input-files.xcfilelist",
			);
			name = "[CP] Embed Pods Frameworks";
			outputFileListPaths = (
				"${PODS_ROOT}/Target Support Files/Pods-AnimationApp/Pods-AnimationApp-frameworks-${CONFIGURATION}-output-files.xcfilelist",
			);
			runOnlyForDeploymentPostprocessing = 0;
			shellPath = /bin/sh;
			shellScript = "\"${PODS_ROOT}/Target Support Files/Pods-AnimationApp/Pods-AnimationApp-frameworks.sh\"\n";
			showEnvVarsInLog = 0;
		};
		CB935A3DB21BEC9F9CF97D67 /* [CP] Check Pods Manifest.lock */ = {
			isa = PBXShellScriptBuildPhase;
			buildActionMask = 2147483647;
			files = (
			);
			inputFileListPaths = (
			);
			inputPaths = (
				"${PODS_PODFILE_DIR_PATH}/Podfile.lock",
				"${PODS_ROOT}/Manifest.lock",
			);
			name = "[CP] Check Pods Manifest.lock";
			outputFileListPaths = (
			);
			outputPaths = (
				"$(DERIVED_FILE_DIR)/Pods-AnimationApp-checkManifestLockResult.txt",
			);
			runOnlyForDeploymentPostprocessing = 0;
			shellPath = /bin/sh;
			shellScript = "diff \"${PODS_PODFILE_DIR_PATH}/Podfile.lock\" \"${PODS_ROOT}/Manifest.lock\" > /dev/null\nif [ $? != 0 ] ; then\n    # print error to STDERR\n    echo \"error: The sandbox is not in sync with the Podfile.lock. Run 'pod install' or update your CocoaPods installation.\" >&2\n    exit 1\nfi\n# This output is used by Xcode 'outputs' to avoid re-running this script phase.\necho \"SUCCESS\" > \"${SCRIPT_OUTPUT_FILE_0}\"\n";
			showEnvVarsInLog = 0;
		};
/* End PBXShellScriptBuildPhase section */

/* Begin PBXSourcesBuildPhase section */
		C0F71AC926BAF49B0020484F /* Sources */ = {
			isa = PBXSourcesBuildPhase;
			buildActionMask = 2147483647;
			files = (
				C0F71AD526BAF49B0020484F /* AnimateViewController.swift in Sources */,
				C0F71AD126BAF49B0020484F /* AppDelegate.swift in Sources */,
				C06493D126BB0D7A00C3959C /* Animation.swift in Sources */,
				C0F71AD326BAF49B0020484F /* SceneDelegate.swift in Sources */,
			);
			runOnlyForDeploymentPostprocessing = 0;
		};
/* End PBXSourcesBuildPhase section */

/* Begin PBXVariantGroup section */
		C0F71AD626BAF49B0020484F /* Main.storyboard */ = {
			isa = PBXVariantGroup;
			children = (
				C0F71AD726BAF49B0020484F /* Base */,
			);
			name = Main.storyboard;
			sourceTree = "<group>";
		};
		C0F71ADB26BAF49C0020484F /* LaunchScreen.storyboard */ = {
			isa = PBXVariantGroup;
			children = (
				C0F71ADC26BAF49C0020484F /* Base */,
			);
			name = LaunchScreen.storyboard;
			sourceTree = "<group>";
		};
/* End PBXVariantGroup section */

/* Begin XCBuildConfiguration section */
		C0F71ADF26BAF49C0020484F /* Debug */ = {
			isa = XCBuildConfiguration;
			buildSettings = {
				ALWAYS_SEARCH_USER_PATHS = NO;
				CLANG_ANALYZER_NONNULL = YES;
				CLANG_ANALYZER_NUMBER_OBJECT_CONVERSION = YES_AGGRESSIVE;
				CLANG_CXX_LANGUAGE_STANDARD = "gnu++14";
				CLANG_CXX_LIBRARY = "libc++";
				CLANG_ENABLE_MODULES = YES;
				CLANG_ENABLE_OBJC_ARC = YES;
				CLANG_ENABLE_OBJC_WEAK = YES;
				CLANG_WARN_BLOCK_CAPTURE_AUTORELEASING = YES;
				CLANG_WARN_BOOL_CONVERSION = YES;
				CLANG_WARN_COMMA = YES;
				CLANG_WARN_CONSTANT_CONVERSION = YES;
				CLANG_WARN_DEPRECATED_OBJC_IMPLEMENTATIONS = YES;
				CLANG_WARN_DIRECT_OBJC_ISA_USAGE = YES_ERROR;
				CLANG_WARN_DOCUMENTATION_COMMENTS = YES;
				CLANG_WARN_EMPTY_BODY = YES;
				CLANG_WARN_ENUM_CONVERSION = YES;
				CLANG_WARN_INFINITE_RECURSION = YES;
				CLANG_WARN_INT_CONVERSION = YES;
				CLANG_WARN_NON_LITERAL_NULL_CONVERSION = YES;
				CLANG_WARN_OBJC_IMPLICIT_RETAIN_SELF = YES;
				CLANG_WARN_OBJC_LITERAL_CONVERSION = YES;
				CLANG_WARN_OBJC_ROOT_CLASS = YES_ERROR;
				CLANG_WARN_QUOTED_INCLUDE_IN_FRAMEWORK_HEADER = YES;
				CLANG_WARN_RANGE_LOOP_ANALYSIS = YES;
				CLANG_WARN_STRICT_PROTOTYPES = YES;
				CLANG_WARN_SUSPICIOUS_MOVE = YES;
				CLANG_WARN_UNGUARDED_AVAILABILITY = YES_AGGRESSIVE;
				CLANG_WARN_UNREACHABLE_CODE = YES;
				CLANG_WARN__DUPLICATE_METHOD_MATCH = YES;
				COPY_PHASE_STRIP = NO;
				DEBUG_INFORMATION_FORMAT = dwarf;
				ENABLE_STRICT_OBJC_MSGSEND = YES;
				ENABLE_TESTABILITY = YES;
				GCC_C_LANGUAGE_STANDARD = gnu11;
				GCC_DYNAMIC_NO_PIC = NO;
				GCC_NO_COMMON_BLOCKS = YES;
				GCC_OPTIMIZATION_LEVEL = 0;
				GCC_PREPROCESSOR_DEFINITIONS = (
					"DEBUG=1",
					"$(inherited)",
				);
				GCC_WARN_64_TO_32_BIT_CONVERSION = YES;
				GCC_WARN_ABOUT_RETURN_TYPE = YES_ERROR;
				GCC_WARN_UNDECLARED_SELECTOR = YES;
				GCC_WARN_UNINITIALIZED_AUTOS = YES_AGGRESSIVE;
				GCC_WARN_UNUSED_FUNCTION = YES;
				GCC_WARN_UNUSED_VARIABLE = YES;
				IPHONEOS_DEPLOYMENT_TARGET = 14.5;
				MTL_ENABLE_DEBUG_INFO = INCLUDE_SOURCE;
				MTL_FAST_MATH = YES;
				ONLY_ACTIVE_ARCH = YES;
				SDKROOT = iphoneos;
				SWIFT_ACTIVE_COMPILATION_CONDITIONS = DEBUG;
				SWIFT_OPTIMIZATION_LEVEL = "-Onone";
			};
			name = Debug;
		};
		C0F71AE026BAF49C0020484F /* Release */ = {
			isa = XCBuildConfiguration;
			buildSettings = {
				ALWAYS_SEARCH_USER_PATHS = NO;
				CLANG_ANALYZER_NONNULL = YES;
				CLANG_ANALYZER_NUMBER_OBJECT_CONVERSION = YES_AGGRESSIVE;
				CLANG_CXX_LANGUAGE_STANDARD = "gnu++14";
				CLANG_CXX_LIBRARY = "libc++";
				CLANG_ENABLE_MODULES = YES;
				CLANG_ENABLE_OBJC_ARC = YES;
				CLANG_ENABLE_OBJC_WEAK = YES;
				CLANG_WARN_BLOCK_CAPTURE_AUTORELEASING = YES;
				CLANG_WARN_BOOL_CONVERSION = YES;
				CLANG_WARN_COMMA = YES;
				CLANG_WARN_CONSTANT_CONVERSION = YES;
				CLANG_WARN_DEPRECATED_OBJC_IMPLEMENTATIONS = YES;
				CLANG_WARN_DIRECT_OBJC_ISA_USAGE = YES_ERROR;
				CLANG_WARN_DOCUMENTATION_COMMENTS = YES;
				CLANG_WARN_EMPTY_BODY = YES;
				CLANG_WARN_ENUM_CONVERSION = YES;
				CLANG_WARN_INFINITE_RECURSION = YES;
				CLANG_WARN_INT_CONVERSION = YES;
				CLANG_WARN_NON_LITERAL_NULL_CONVERSION = YES;
				CLANG_WARN_OBJC_IMPLICIT_RETAIN_SELF = YES;
				CLANG_WARN_OBJC_LITERAL_CONVERSION = YES;
				CLANG_WARN_OBJC_ROOT_CLASS = YES_ERROR;
				CLANG_WARN_QUOTED_INCLUDE_IN_FRAMEWORK_HEADER = YES;
				CLANG_WARN_RANGE_LOOP_ANALYSIS = YES;
				CLANG_WARN_STRICT_PROTOTYPES = YES;
				CLANG_WARN_SUSPICIOUS_MOVE = YES;
				CLANG_WARN_UNGUARDED_AVAILABILITY = YES_AGGRESSIVE;
				CLANG_WARN_UNREACHABLE_CODE = YES;
				CLANG_WARN__DUPLICATE_METHOD_MATCH = YES;
				COPY_PHASE_STRIP = NO;
				DEBUG_INFORMATION_FORMAT = "dwarf-with-dsym";
				ENABLE_NS_ASSERTIONS = NO;
				ENABLE_STRICT_OBJC_MSGSEND = YES;
				GCC_C_LANGUAGE_STANDARD = gnu11;
				GCC_NO_COMMON_BLOCKS = YES;
				GCC_WARN_64_TO_32_BIT_CONVERSION = YES;
				GCC_WARN_ABOUT_RETURN_TYPE = YES_ERROR;
				GCC_WARN_UNDECLARED_SELECTOR = YES;
				GCC_WARN_UNINITIALIZED_AUTOS = YES_AGGRESSIVE;
				GCC_WARN_UNUSED_FUNCTION = YES;
				GCC_WARN_UNUSED_VARIABLE = YES;
				IPHONEOS_DEPLOYMENT_TARGET = 14.5;
				MTL_ENABLE_DEBUG_INFO = NO;
				MTL_FAST_MATH = YES;
				SDKROOT = iphoneos;
				SWIFT_COMPILATION_MODE = wholemodule;
				SWIFT_OPTIMIZATION_LEVEL = "-O";
				VALIDATE_PRODUCT = YES;
			};
			name = Release;
		};
		C0F71AE226BAF49C0020484F /* Debug */ = {
			isa = XCBuildConfiguration;
			baseConfigurationReference = F9423E44D969E8DDB684A4D9 /* Pods-AnimationApp.debug.xcconfig */;
			buildSettings = {
				ASSETCATALOG_COMPILER_APPICON_NAME = AppIcon;
				ASSETCATALOG_COMPILER_GLOBAL_ACCENT_COLOR_NAME = AccentColor;
				CODE_SIGN_STYLE = Automatic;
				DEVELOPMENT_TEAM = ACH2JAHMMB;
				INFOPLIST_FILE = AnimationApp/Info.plist;
				LD_RUNPATH_SEARCH_PATHS = (
					"$(inherited)",
					"@executable_path/Frameworks",
				);
				PRODUCT_BUNDLE_IDENTIFIER = "-.AnimationApp";
				PRODUCT_NAME = "$(TARGET_NAME)";
				SWIFT_VERSION = 5.0;
				TARGETED_DEVICE_FAMILY = "1,2";
			};
			name = Debug;
		};
		C0F71AE326BAF49C0020484F /* Release */ = {
			isa = XCBuildConfiguration;
			baseConfigurationReference = 86BB46C961E4F2AB1308A789 /* Pods-AnimationApp.release.xcconfig */;
			buildSettings = {
				ASSETCATALOG_COMPILER_APPICON_NAME = AppIcon;
				ASSETCATALOG_COMPILER_GLOBAL_ACCENT_COLOR_NAME = AccentColor;
				CODE_SIGN_STYLE = Automatic;
				DEVELOPMENT_TEAM = ACH2JAHMMB;
				INFOPLIST_FILE = AnimationApp/Info.plist;
				LD_RUNPATH_SEARCH_PATHS = (
					"$(inherited)",
					"@executable_path/Frameworks",
				);
				PRODUCT_BUNDLE_IDENTIFIER = "-.AnimationApp";
				PRODUCT_NAME = "$(TARGET_NAME)";
				SWIFT_VERSION = 5.0;
				TARGETED_DEVICE_FAMILY = "1,2";
			};
			name = Release;
		};
/* End XCBuildConfiguration section */

/* Begin XCConfigurationList section */
		C0F71AC826BAF49B0020484F /* Build configuration list for PBXProject "AnimationApp" */ = {
			isa = XCConfigurationList;
			buildConfigurations = (
				C0F71ADF26BAF49C0020484F /* Debug */,
				C0F71AE026BAF49C0020484F /* Release */,
			);
			defaultConfigurationIsVisible = 0;
			defaultConfigurationName = Release;
		};
		C0F71AE126BAF49C0020484F /* Build configuration list for PBXNativeTarget "AnimationApp" */ = {
			isa = XCConfigurationList;
			buildConfigurations = (
				C0F71AE226BAF49C0020484F /* Debug */,
				C0F71AE326BAF49C0020484F /* Release */,
			);
			defaultConfigurationIsVisible = 0;
			defaultConfigurationName = Release;
		};
/* End XCConfigurationList section */
	};
	rootObject = C0F71AC526BAF49B0020484F /* Project object */;
}
